
Microsoft Visual Studio Solution File, Format Version 12.00
# Visual Studio Version 16
VisualStudioVersion = 16.0.30320.27
MinimumVisualStudioVersion = 10.0.40219.1
Project("{FAE04EC0-301F-11D3-BF4B-00C04F79EFBC}") = "OptikaWebApp", "OptikaWebApp\OptikaWebApp.csproj", "{7BA6FA2C-F4E4-4BDB-8F0D-FEF9C1238A38}"
EndProject
Global
	GlobalSection(SolutionConfigurationPlatforms) = preSolution
		Debug|Any CPU = Debug|Any CPU
		Release|Any CPU = Release|Any CPU
	EndGlobalSection
	GlobalSection(ProjectConfigurationPlatforms) = postSolution
		{7BA6FA2C-F4E4-4BDB-8F0D-FEF9C1238A38}.Debug|Any CPU.ActiveCfg = Debug|Any CPU
		{7BA6FA2C-F4E4-4BDB-8F0D-FEF9C1238A38}.Debug|Any CPU.Build.0 = Debug|Any CPU
		{7BA6FA2C-F4E4-4BDB-8F0D-FEF9C1238A38}.Release|Any CPU.ActiveCfg = Release|Any CPU
		{7BA6FA2C-F4E4-4BDB-8F0D-FEF9C1238A38}.Release|Any CPU.Build.0 = Release|Any CPU
	EndGlobalSection
	GlobalSection(SolutionProperties) = preSolution
		HideSolutionNode = FALSE
	EndGlobalSection
	GlobalSection(ExtensibilityGlobals) = postSolution
		SolutionGuid = {C1420F76-5166-4567-B312-AF7E7F9808A3}
	EndGlobalSection
EndGlobal
